
Microsoft Visual Studio Solution File, Format Version 12.00
# Visual Studio Version 17
VisualStudioVersion = 17.14.36310.24
MinimumVisualStudioVersion = 10.0.40219.1
Project("{FAE04EC0-301F-11D3-BF4B-00C04F79EFBC}") = "NicolasQuiPaieWeb", "NicolasQuiPaieWeb\NicolasQuiPaieWeb.csproj", "{C193BBAD-444B-4F3D-A6CF-3B43DC32F4BE}"
EndProject
Project("{FAE04EC0-301F-11D3-BF4B-00C04F79EFBC}") = "NicolasQuiPaieAPI", "NicolasQuiPaieAPI\NicolasQuiPaieAPI.csproj", "{490DF69C-7912-4B26-BDE3-44F5615A5791}"
EndProject
Project("{FAE04EC0-301F-11D3-BF4B-00C04F79EFBC}") = "NicolasQuiPaieData", "NicolasQuiPaieData\NicolasQuiPaieData.csproj", "{6631412E-1347-462B-ACD8-AC8D6CCF6C59}"
EndProject
Project("{FAE04EC0-301F-11D3-BF4B-00C04F79EFBC}") = "NicolasQuiPaieAspire.AppHost", "NicolasQuiPaieAspire\NicolasQuiPaieAspire.AppHost\NicolasQuiPaieAspire.AppHost.csproj", "{06CE4258-F9A6-4344-AFFD-448CD80C5583}"
EndProject
Project("{FAE04EC0-301F-11D3-BF4B-00C04F79EFBC}") = "NicolasQuiPaieAspire.ServiceDefaults", "NicolasQuiPaieAspire\NicolasQuiPaieAspire.ServiceDefaults\NicolasQuiPaieAspire.ServiceDefaults.csproj", "{7EB2F3AB-023E-FFA5-ECBE-1BAB281ABEC1}"
EndProject
Project("{FAE04EC0-301F-11D3-BF4B-00C04F79EFBC}") = "NicolasQuiPaieAspire.Tests", "NicolasQuiPaieAspire\NicolasQuiPaieAspire.Tests\NicolasQuiPaieAspire.Tests.csproj", "{9FA368FA-D74B-A52E-A1D9-7CCE0491218E}"
EndProject
Project("{2150E333-8FDC-42A3-9474-1A3956D46DE8}") = "Web", "Web", "{02EA681E-C7D8-13C7-8484-4AC65E1B71E8}"
EndProject
Project("{2150E333-8FDC-42A3-9474-1A3956D46DE8}") = "Tests", "Tests", "{7C4567F1-694E-4213-BBB6-4950309F1A70}"
EndProject
Project("{2150E333-8FDC-42A3-9474-1A3956D46DE8}") = "Misc", "Misc", "{AC1C596F-D1B7-48C6-96F1-776C57B9661B}"
EndProject
Project("{FAE04EC0-301F-11D3-BF4B-00C04F79EFBC}") = "NicolasQuiPaieAPI.Infrastructure", "NicolasQuiPaieAPI.Infrastructure\NicolasQuiPaieAPI.Infrastructure.csproj", "{0CA38BB1-6123-44F0-AB44-123EC2F3F70E}"
EndProject
Project("{FAE04EC0-301F-11D3-BF4B-00C04F79EFBC}") = "NicolasQuiPaie.UnitTests", "NicolasQuiPaie.UnitTests\NicolasQuiPaie.UnitTests.csproj", "{7C088BA7-02E9-4257-8F90-D0AF9D29B076}"
EndProject
Project("{FAE04EC0-301F-11D3-BF4B-00C04F79EFBC}") = "NicolasQuiPaie.IntegrationTests", "NicolasQuiPaie.IntegrationTests\NicolasQuiPaie.IntegrationTests.csproj", "{F87A2085-E2D1-4204-B0DD-0F37723D793D}"
EndProject
Project("{FAE04EC0-301F-11D3-BF4B-00C04F79EFBC}") = "NicolasQuiPaie.Tests", "NicolasQuiPaie.Tests\NicolasQuiPaie.Tests.csproj", "{E163E658-608C-42B0-9CE8-FB9E45B00F96}"
EndProject
Global
	GlobalSection(SolutionConfigurationPlatforms) = preSolution
		Debug|Any CPU = Debug|Any CPU
		Debug|x64 = Debug|x64
		Debug|x86 = Debug|x86
		Release|Any CPU = Release|Any CPU
		Release|x64 = Release|x64
		Release|x86 = Release|x86
	EndGlobalSection
	GlobalSection(ProjectConfigurationPlatforms) = postSolution
		{C193BBAD-444B-4F3D-A6CF-3B43DC32F4BE}.Debug|Any CPU.ActiveCfg = Debug|Any CPU
		{C193BBAD-444B-4F3D-A6CF-3B43DC32F4BE}.Debug|Any CPU.Build.0 = Debug|Any CPU
		{C193BBAD-444B-4F3D-A6CF-3B43DC32F4BE}.Debug|x64.ActiveCfg = Debug|Any CPU
		{C193BBAD-444B-4F3D-A6CF-3B43DC32F4BE}.Debug|x64.Build.0 = Debug|Any CPU
		{C193BBAD-444B-4F3D-A6CF-3B43DC32F4BE}.Debug|x86.ActiveCfg = Debug|Any CPU
		{C193BBAD-444B-4F3D-A6CF-3B43DC32F4BE}.Debug|x86.Build.0 = Debug|Any CPU
		{C193BBAD-444B-4F3D-A6CF-3B43DC32F4BE}.Release|Any CPU.ActiveCfg = Release|Any CPU
		{C193BBAD-444B-4F3D-A6CF-3B43DC32F4BE}.Release|Any CPU.Build.0 = Release|Any CPU
		{C193BBAD-444B-4F3D-A6CF-3B43DC32F4BE}.Release|x64.ActiveCfg = Release|Any CPU
		{C193BBAD-444B-4F3D-A6CF-3B43DC32F4BE}.Release|x64.Build.0 = Release|Any CPU
		{C193BBAD-444B-4F3D-A6CF-3B43DC32F4BE}.Release|x86.ActiveCfg = Release|Any CPU
		{C193BBAD-444B-4F3D-A6CF-3B43DC32F4BE}.Release|x86.Build.0 = Release|Any CPU
		{490DF69C-7912-4B26-BDE3-44F5615A5791}.Debug|Any CPU.ActiveCfg = Debug|Any CPU
		{490DF69C-7912-4B26-BDE3-44F5615A5791}.Debug|Any CPU.Build.0 = Debug|Any CPU
		{490DF69C-7912-4B26-BDE3-44F5615A5791}.Debug|x64.ActiveCfg = Debug|Any CPU
		{490DF69C-7912-4B26-BDE3-44F5615A5791}.Debug|x64.Build.0 = Debug|Any CPU
		{490DF69C-7912-4B26-BDE3-44F5615A5791}.Debug|x86.ActiveCfg = Debug|Any CPU
		{490DF69C-7912-4B26-BDE3-44F5615A5791}.Debug|x86.Build.0 = Debug|Any CPU
		{490DF69C-7912-4B26-BDE3-44F5615A5791}.Release|Any CPU.ActiveCfg = Release|Any CPU
		{490DF69C-7912-4B26-BDE3-44F5615A5791}.Release|Any CPU.Build.0 = Release|Any CPU
		{490DF69C-7912-4B26-BDE3-44F5615A5791}.Release|x64.ActiveCfg = Release|Any CPU
		{490DF69C-7912-4B26-BDE3-44F5615A5791}.Release|x64.Build.0 = Release|Any CPU
		{490DF69C-7912-4B26-BDE3-44F5615A5791}.Release|x86.ActiveCfg = Release|Any CPU
		{490DF69C-7912-4B26-BDE3-44F5615A5791}.Release|x86.Build.0 = Release|Any CPU
		{6631412E-1347-462B-ACD8-AC8D6CCF6C59}.Debug|Any CPU.ActiveCfg = Debug|Any CPU
		{6631412E-1347-462B-ACD8-AC8D6CCF6C59}.Debug|Any CPU.Build.0 = Debug|Any CPU
		{6631412E-1347-462B-ACD8-AC8D6CCF6C59}.Debug|x64.ActiveCfg = Debug|Any CPU
		{6631412E-1347-462B-ACD8-AC8D6CCF6C59}.Debug|x64.Build.0 = Debug|Any CPU
		{6631412E-1347-462B-ACD8-AC8D6CCF6C59}.Debug|x86.ActiveCfg = Debug|Any CPU
		{6631412E-1347-462B-ACD8-AC8D6CCF6C59}.Debug|x86.Build.0 = Debug|Any CPU
		{6631412E-1347-462B-ACD8-AC8D6CCF6C59}.Release|Any CPU.ActiveCfg = Release|Any CPU
		{6631412E-1347-462B-ACD8-AC8D6CCF6C59}.Release|Any CPU.Build.0 = Release|Any CPU
		{6631412E-1347-462B-ACD8-AC8D6CCF6C59}.Release|x64.ActiveCfg = Release|Any CPU
		{6631412E-1347-462B-ACD8-AC8D6CCF6C59}.Release|x64.Build.0 = Release|Any CPU
		{6631412E-1347-462B-ACD8-AC8D6CCF6C59}.Release|x86.ActiveCfg = Release|Any CPU
		{6631412E-1347-462B-ACD8-AC8D6CCF6C59}.Release|x86.Build.0 = Release|Any CPU
		{06CE4258-F9A6-4344-AFFD-448CD80C5583}.Debug|Any CPU.ActiveCfg = Debug|Any CPU
		{06CE4258-F9A6-4344-AFFD-448CD80C5583}.Debug|Any CPU.Build.0 = Debug|Any CPU
		{06CE4258-F9A6-4344-AFFD-448CD80C5583}.Debug|x64.ActiveCfg = Debug|Any CPU
		{06CE4258-F9A6-4344-AFFD-448CD80C5583}.Debug|x64.Build.0 = Debug|Any CPU
		{06CE4258-F9A6-4344-AFFD-448CD80C5583}.Debug|x86.ActiveCfg = Debug|Any CPU
		{06CE4258-F9A6-4344-AFFD-448CD80C5583}.Debug|x86.Build.0 = Debug|Any CPU
		{06CE4258-F9A6-4344-AFFD-448CD80C5583}.Release|Any CPU.ActiveCfg = Release|Any CPU
		{06CE4258-F9A6-4344-AFFD-448CD80C5583}.Release|Any CPU.Build.0 = Release|Any CPU
		{06CE4258-F9A6-4344-AFFD-448CD80C5583}.Release|x64.ActiveCfg = Release|Any CPU
		{06CE4258-F9A6-4344-AFFD-448CD80C5583}.Release|x64.Build.0 = Release|Any CPU
		{06CE4258-F9A6-4344-AFFD-448CD80C5583}.Release|x86.ActiveCfg = Release|Any CPU
		{06CE4258-F9A6-4344-AFFD-448CD80C5583}.Release|x86.Build.0 = Release|Any CPU
		{7EB2F3AB-023E-FFA5-ECBE-1BAB281ABEC1}.Debug|Any CPU.ActiveCfg = Debug|Any CPU
		{7EB2F3AB-023E-FFA5-ECBE-1BAB281ABEC1}.Debug|Any CPU.Build.0 = Debug|Any CPU
		{7EB2F3AB-023E-FFA5-ECBE-1BAB281ABEC1}.Debug|x64.ActiveCfg = Debug|Any CPU
		{7EB2F3AB-023E-FFA5-ECBE-1BAB281ABEC1}.Debug|x64.Build.0 = Debug|Any CPU
		{7EB2F3AB-023E-FFA5-ECBE-1BAB281ABEC1}.Debug|x86.ActiveCfg = Debug|Any CPU
		{7EB2F3AB-023E-FFA5-ECBE-1BAB281ABEC1}.Debug|x86.Build.0 = Debug|Any CPU
		{7EB2F3AB-023E-FFA5-ECBE-1BAB281ABEC1}.Release|Any CPU.ActiveCfg = Release|Any CPU
		{7EB2F3AB-023E-FFA5-ECBE-1BAB281ABEC1}.Release|Any CPU.Build.0 = Release|Any CPU
		{7EB2F3AB-023E-FFA5-ECBE-1BAB281ABEC1}.Release|x64.ActiveCfg = Release|Any CPU
		{7EB2F3AB-023E-FFA5-ECBE-1BAB281ABEC1}.Release|x64.Build.0 = Release|Any CPU
		{7EB2F3AB-023E-FFA5-ECBE-1BAB281ABEC1}.Release|x86.ActiveCfg = Release|Any CPU
		{7EB2F3AB-023E-FFA5-ECBE-1BAB281ABEC1}.Release|x86.Build.0 = Release|Any CPU
		{9FA368FA-D74B-A52E-A1D9-7CCE0491218E}.Debug|Any CPU.ActiveCfg = Debug|Any CPU
		{9FA368FA-D74B-A52E-A1D9-7CCE0491218E}.Debug|Any CPU.Build.0 = Debug|Any CPU
		{9FA368FA-D74B-A52E-A1D9-7CCE0491218E}.Debug|x64.ActiveCfg = Debug|Any CPU
		{9FA368FA-D74B-A52E-A1D9-7CCE0491218E}.Debug|x64.Build.0 = Debug|Any CPU
		{9FA368FA-D74B-A52E-A1D9-7CCE0491218E}.Debug|x86.ActiveCfg = Debug|Any CPU
		{9FA368FA-D74B-A52E-A1D9-7CCE0491218E}.Debug|x86.Build.0 = Debug|Any CPU
		{9FA368FA-D74B-A52E-A1D9-7CCE0491218E}.Release|Any CPU.ActiveCfg = Release|Any CPU
		{9FA368FA-D74B-A52E-A1D9-7CCE0491218E}.Release|Any CPU.Build.0 = Release|Any CPU
		{9FA368FA-D74B-A52E-A1D9-7CCE0491218E}.Release|x64.ActiveCfg = Release|Any CPU
		{9FA368FA-D74B-A52E-A1D9-7CCE0491218E}.Release|x64.Build.0 = Release|Any CPU
		{9FA368FA-D74B-A52E-A1D9-7CCE0491218E}.Release|x86.ActiveCfg = Release|Any CPU
		{9FA368FA-D74B-A52E-A1D9-7CCE0491218E}.Release|x86.Build.0 = Release|Any CPU
		{0CA38BB1-6123-44F0-AB44-123EC2F3F70E}.Debug|Any CPU.ActiveCfg = Debug|Any CPU
		{0CA38BB1-6123-44F0-AB44-123EC2F3F70E}.Debug|Any CPU.Build.0 = Debug|Any CPU
		{0CA38BB1-6123-44F0-AB44-123EC2F3F70E}.Debug|x64.ActiveCfg = Debug|Any CPU
		{0CA38BB1-6123-44F0-AB44-123EC2F3F70E}.Debug|x64.Build.0 = Debug|Any CPU
		{0CA38BB1-6123-44F0-AB44-123EC2F3F70E}.Debug|x86.ActiveCfg = Debug|Any CPU
		{0CA38BB1-6123-44F0-AB44-123EC2F3F70E}.Debug|x86.Build.0 = Debug|Any CPU
		{0CA38BB1-6123-44F0-AB44-123EC2F3F70E}.Release|Any CPU.ActiveCfg = Release|Any CPU
		{0CA38BB1-6123-44F0-AB44-123EC2F3F70E}.Release|Any CPU.Build.0 = Release|Any CPU
		{0CA38BB1-6123-44F0-AB44-123EC2F3F70E}.Release|x64.ActiveCfg = Release|Any CPU
		{0CA38BB1-6123-44F0-AB44-123EC2F3F70E}.Release|x64.Build.0 = Release|Any CPU
		{0CA38BB1-6123-44F0-AB44-123EC2F3F70E}.Release|x86.ActiveCfg = Release|Any CPU
		{0CA38BB1-6123-44F0-AB44-123EC2F3F70E}.Release|x86.Build.0 = Release|Any CPU
		{7C088BA7-02E9-4257-8F90-D0AF9D29B076}.Debug|Any CPU.ActiveCfg = Debug|Any CPU
		{7C088BA7-02E9-4257-8F90-D0AF9D29B076}.Debug|Any CPU.Build.0 = Debug|Any CPU
		{7C088BA7-02E9-4257-8F90-D0AF9D29B076}.Debug|x64.ActiveCfg = Debug|Any CPU
		{7C088BA7-02E9-4257-8F90-D0AF9D29B076}.Debug|x64.Build.0 = Debug|Any CPU
		{7C088BA7-02E9-4257-8F90-D0AF9D29B076}.Debug|x86.ActiveCfg = Debug|Any CPU
		{7C088BA7-02E9-4257-8F90-D0AF9D29B076}.Debug|x86.Build.0 = Debug|Any CPU
		{7C088BA7-02E9-4257-8F90-D0AF9D29B076}.Release|Any CPU.ActiveCfg = Release|Any CPU
		{7C088BA7-02E9-4257-8F90-D0AF9D29B076}.Release|Any CPU.Build.0 = Release|Any CPU
		{7C088BA7-02E9-4257-8F90-D0AF9D29B076}.Release|x64.ActiveCfg = Release|Any CPU
		{7C088BA7-02E9-4257-8F90-D0AF9D29B076}.Release|x64.Build.0 = Release|Any CPU
		{7C088BA7-02E9-4257-8F90-D0AF9D29B076}.Release|x86.ActiveCfg = Release|Any CPU
		{7C088BA7-02E9-4257-8F90-D0AF9D29B076}.Release|x86.Build.0 = Release|Any CPU
		{F87A2085-E2D1-4204-B0DD-0F37723D793D}.Debug|Any CPU.ActiveCfg = Debug|Any CPU
		{F87A2085-E2D1-4204-B0DD-0F37723D793D}.Debug|Any CPU.Build.0 = Debug|Any CPU
		{F87A2085-E2D1-4204-B0DD-0F37723D793D}.Debug|x64.ActiveCfg = Debug|Any CPU
		{F87A2085-E2D1-4204-B0DD-0F37723D793D}.Debug|x64.Build.0 = Debug|Any CPU
		{F87A2085-E2D1-4204-B0DD-0F37723D793D}.Debug|x86.ActiveCfg = Debug|Any CPU
		{F87A2085-E2D1-4204-B0DD-0F37723D793D}.Debug|x86.Build.0 = Debug|Any CPU
		{F87A2085-E2D1-4204-B0DD-0F37723D793D}.Release|Any CPU.ActiveCfg = Release|Any CPU
		{F87A2085-E2D1-4204-B0DD-0F37723D793D}.Release|Any CPU.Build.0 = Release|Any CPU
		{F87A2085-E2D1-4204-B0DD-0F37723D793D}.Release|x64.ActiveCfg = Release|Any CPU
		{F87A2085-E2D1-4204-B0DD-0F37723D793D}.Release|x64.Build.0 = Release|Any CPU
		{F87A2085-E2D1-4204-B0DD-0F37723D793D}.Release|x86.ActiveCfg = Release|Any CPU
		{F87A2085-E2D1-4204-B0DD-0F37723D793D}.Release|x86.Build.0 = Release|Any CPU
		{E163E658-608C-42B0-9CE8-FB9E45B00F96}.Debug|Any CPU.ActiveCfg = Debug|Any CPU
		{E163E658-608C-42B0-9CE8-FB9E45B00F96}.Debug|Any CPU.Build.0 = Debug|Any CPU
		{E163E658-608C-42B0-9CE8-FB9E45B00F96}.Debug|x64.ActiveCfg = Debug|Any CPU
		{E163E658-608C-42B0-9CE8-FB9E45B00F96}.Debug|x64.Build.0 = Debug|Any CPU
		{E163E658-608C-42B0-9CE8-FB9E45B00F96}.Debug|x86.ActiveCfg = Debug|Any CPU
		{E163E658-608C-42B0-9CE8-FB9E45B00F96}.Debug|x86.Build.0 = Debug|Any CPU
		{E163E658-608C-42B0-9CE8-FB9E45B00F96}.Release|Any CPU.ActiveCfg = Release|Any CPU
		{E163E658-608C-42B0-9CE8-FB9E45B00F96}.Release|Any CPU.Build.0 = Release|Any CPU
		{E163E658-608C-42B0-9CE8-FB9E45B00F96}.Release|x64.ActiveCfg = Release|Any CPU
		{E163E658-608C-42B0-9CE8-FB9E45B00F96}.Release|x64.Build.0 = Release|Any CPU
		{E163E658-608C-42B0-9CE8-FB9E45B00F96}.Release|x86.ActiveCfg = Release|Any CPU
		{E163E658-608C-42B0-9CE8-FB9E45B00F96}.Release|x86.Build.0 = Release|Any CPU
	EndGlobalSection
	GlobalSection(SolutionProperties) = preSolution
		HideSolutionNode = FALSE
	EndGlobalSection
	GlobalSection(NestedProjects) = preSolution
		{C193BBAD-444B-4F3D-A6CF-3B43DC32F4BE} = {02EA681E-C7D8-13C7-8484-4AC65E1B71E8}
		{490DF69C-7912-4B26-BDE3-44F5615A5791} = {02EA681E-C7D8-13C7-8484-4AC65E1B71E8}
		{6631412E-1347-462B-ACD8-AC8D6CCF6C59} = {AC1C596F-D1B7-48C6-96F1-776C57B9661B}
		{06CE4258-F9A6-4344-AFFD-448CD80C5583} = {02EA681E-C7D8-13C7-8484-4AC65E1B71E8}
		{7EB2F3AB-023E-FFA5-ECBE-1BAB281ABEC1} = {AC1C596F-D1B7-48C6-96F1-776C57B9661B}
		{9FA368FA-D74B-A52E-A1D9-7CCE0491218E} = {7C4567F1-694E-4213-BBB6-4950309F1A70}
		{0CA38BB1-6123-44F0-AB44-123EC2F3F70E} = {AC1C596F-D1B7-48C6-96F1-776C57B9661B}
		{7C088BA7-02E9-4257-8F90-D0AF9D29B076} = {7C4567F1-694E-4213-BBB6-4950309F1A70}
		{F87A2085-E2D1-4204-B0DD-0F37723D793D} = {7C4567F1-694E-4213-BBB6-4950309F1A70}
		{E163E658-608C-42B0-9CE8-FB9E45B00F96} = {7C4567F1-694E-4213-BBB6-4950309F1A70}
	EndGlobalSection
	GlobalSection(ExtensibilityGlobals) = postSolution
		SolutionGuid = {AD73E1BE-8B48-4313-915D-73843F58AC34}
	EndGlobalSection
EndGlobal
